
Microsoft Visual Studio Solution File, Format Version 12.00
# Visual Studio Version 17
VisualStudioVersion = 17.8.34316.72
MinimumVisualStudioVersion = 10.0.40219.1
Project("{9A19103F-16F7-4668-BE54-9A1E7A4F7556}") = "Author", "Author\Author.csproj", "{5D528609-1165-43B4-A92D-5E3B89F04441}"
EndProject
Project("{9A19103F-16F7-4668-BE54-9A1E7A4F7556}") = "ProxyHTTP", "ProxyHTTP\ProxyHTTP.csproj", "{1E7AA58D-8555-49AF-AA38-6A6BB26D12DD}"
EndProject
Global
	GlobalSection(SolutionConfigurationPlatforms) = preSolution
		Debug|Any CPU = Debug|Any CPU
		Release|Any CPU = Release|Any CPU
	EndGlobalSection
	GlobalSection(ProjectConfigurationPlatforms) = postSolution
		{5D528609-1165-43B4-A92D-5E3B89F04441}.Debug|Any CPU.ActiveCfg = Debug|Any CPU
		{5D528609-1165-43B4-A92D-5E3B89F04441}.Debug|Any CPU.Build.0 = Debug|Any CPU
		{5D528609-1165-43B4-A92D-5E3B89F04441}.Release|Any CPU.ActiveCfg = Release|Any CPU
		{5D528609-1165-43B4-A92D-5E3B89F04441}.Release|Any CPU.Build.0 = Release|Any CPU
		{1E7AA58D-8555-49AF-AA38-6A6BB26D12DD}.Debug|Any CPU.ActiveCfg = Debug|Any CPU
		{1E7AA58D-8555-49AF-AA38-6A6BB26D12DD}.Debug|Any CPU.Build.0 = Debug|Any CPU
		{1E7AA58D-8555-49AF-AA38-6A6BB26D12DD}.Release|Any CPU.ActiveCfg = Release|Any CPU
		{1E7AA58D-8555-49AF-AA38-6A6BB26D12DD}.Release|Any CPU.Build.0 = Release|Any CPU
	EndGlobalSection
	GlobalSection(SolutionProperties) = preSolution
		HideSolutionNode = FALSE
	EndGlobalSection
	GlobalSection(ExtensibilityGlobals) = postSolution
		SolutionGuid = {C28F579B-515F-454F-9D8A-2B17CFB777EA}
	EndGlobalSection
EndGlobal
